
Microsoft Visual Studio Solution File, Format Version 12.00
Project("{2150E333-8FDC-42A3-9474-1A3956D46DE8}") = "Infra", "Infra", "{E0945075-E4E5-4E38-8EBB-03CA8CF079A5}"
EndProject
Project("{2150E333-8FDC-42A3-9474-1A3956D46DE8}") = "UserService", "UserService", "{E61DA041-13D1-44B0-BE9A-E1D9EF9DA47F}"
EndProject
Project("{2150E333-8FDC-42A3-9474-1A3956D46DE8}") = "OrderService", "OrderService", "{8CC23D9C-28A6-4F9F-8727-4C455A255028}"
EndProject
Project("{2150E333-8FDC-42A3-9474-1A3956D46DE8}") = "GoodsService", "GoodsService", "{678DC020-BEA1-4EB1-81FD-51F5C2BE6B41}"
EndProject
Project("{FAE04EC0-301F-11D3-BF4B-00C04F79EFBC}") = "MST.Infra.Shared", "MST.Infra.Shared\MST.Infra.Shared.csproj", "{9AE4E74C-0366-43D5-AA5D-6FBE96E862A6}"
EndProject
Project("{FAE04EC0-301F-11D3-BF4B-00C04F79EFBC}") = "MST.Infra.CacheProvider", "MST.Infra.CacheProvider\MST.Infra.CacheProvider.csproj", "{B4D80462-EF9A-4D2E-A251-EDFC4CFFD380}"
EndProject
Project("{FAE04EC0-301F-11D3-BF4B-00C04F79EFBC}") = "MST.Infra.FileProvider", "MST.Infra.FileProvider\MST.Infra.FileProvider.csproj", "{727CAC39-5DEA-4343-8A37-74BDAE3E0589}"
EndProject
Project("{FAE04EC0-301F-11D3-BF4B-00C04F79EFBC}") = "MST.Infra.Utility", "MST.Infra.Utility\MST.Infra.Utility.csproj", "{BE9A45E1-CEC5-40E1-87BE-A92B2941BF1F}"
EndProject
Project("{2150E333-8FDC-42A3-9474-1A3956D46DE8}") = "AuthService", "AuthService", "{0FC27E0B-0F2B-4A54-8E92-189BA5D55590}"
EndProject
Project("{FAE04EC0-301F-11D3-BF4B-00C04F79EFBC}") = "MST.Infra.Snowflake", "MST.Infra.Snowflake\MST.Infra.Snowflake.csproj", "{91015721-AE54-4F28-9224-FE2BC66502CA}"
EndProject
Project("{FAE04EC0-301F-11D3-BF4B-00C04F79EFBC}") = "MST.Auth.Webapi", "MST.Auth.Webapi\MST.Auth.Webapi.csproj", "{22FAE0BC-14C3-4196-A8AC-AED93191647A}"
EndProject
Project("{FAE04EC0-301F-11D3-BF4B-00C04F79EFBC}") = "MST.Goods.Webapi", "MST.Goods.Webapi\MST.Goods.Webapi.csproj", "{E95103C1-38CE-4FBF-B48E-C5D9E8408FD3}"
EndProject
Project("{FAE04EC0-301F-11D3-BF4B-00C04F79EFBC}") = "MST.Goods.Repository", "MST.Goods.Repository\MST.Goods.Repository.csproj", "{E2C2FA3F-8A15-4B92-A6A1-ECBC559B4640}"
EndProject
Project("{FAE04EC0-301F-11D3-BF4B-00C04F79EFBC}") = "MST.Goods.Service", "MST.Goods.Service\MST.Goods.Service.csproj", "{598332B3-F3A6-4990-BDC9-CE7D853EE4CC}"
EndProject
Project("{FAE04EC0-301F-11D3-BF4B-00C04F79EFBC}") = "MST.Goods.Contract", "MST.Goods.Contract\MST.Goods.Contract.csproj", "{EFB8F691-A464-413B-AC5D-24F5C9F502A5}"
EndProject
Project("{FAE04EC0-301F-11D3-BF4B-00C04F79EFBC}") = "MST.Goods.Model", "MST.Goods.Model\MST.Goods.Model.csproj", "{CAF8DC88-72FC-4539-8F9B-00F3E99AF455}"
EndProject
Project("{FAE04EC0-301F-11D3-BF4B-00C04F79EFBC}") = "MST.Order.Contract", "MST.Order.Contract\MST.Order.Contract.csproj", "{6C1A626E-9923-484B-BFDF-386EDB48A181}"
EndProject
Project("{FAE04EC0-301F-11D3-BF4B-00C04F79EFBC}") = "MST.Order.Model", "MST.Order.Model\MST.Order.Model.csproj", "{1F9E3304-7013-4D80-BA0E-661D11BD8347}"
EndProject
Project("{FAE04EC0-301F-11D3-BF4B-00C04F79EFBC}") = "MST.Order.Repository", "MST.Order.Repository\MST.Order.Repository.csproj", "{43057993-1853-4FC9-9754-A708D02ACE3D}"
EndProject
Project("{FAE04EC0-301F-11D3-BF4B-00C04F79EFBC}") = "MST.Order.Service", "MST.Order.Service\MST.Order.Service.csproj", "{9E8DCEC4-A88D-4E3B-BEEF-67FAEF1C726A}"
EndProject
Project("{FAE04EC0-301F-11D3-BF4B-00C04F79EFBC}") = "MST.Order.Webapi", "MST.Order.Webapi\MST.Order.Webapi.csproj", "{49232106-F9C2-45C9-AC6B-612E455A2D13}"
EndProject
Project("{FAE04EC0-301F-11D3-BF4B-00C04F79EFBC}") = "MST.User.Webapi", "MST.User.Webapi\MST.User.Webapi.csproj", "{778CE80A-331A-4BDD-84EF-39D997A03933}"
EndProject
Project("{FAE04EC0-301F-11D3-BF4B-00C04F79EFBC}") = "MST.User.Contract", "MST.User.Contract\MST.User.Contract.csproj", "{31F80287-CD56-4BFD-8E97-AAB2EB936D54}"
EndProject
Project("{FAE04EC0-301F-11D3-BF4B-00C04F79EFBC}") = "MST.User.Model", "MST.User.Model\MST.User.Model.csproj", "{C79FBF12-C547-4E9B-9021-A6B112A562C1}"
EndProject
Project("{FAE04EC0-301F-11D3-BF4B-00C04F79EFBC}") = "MST.User.Repository", "MST.User.Repository\MST.User.Repository.csproj", "{8D187FA7-697B-45BC-BB08-1CE564F95C3A}"
EndProject
Project("{FAE04EC0-301F-11D3-BF4B-00C04F79EFBC}") = "MST.User.Service", "MST.User.Service\MST.User.Service.csproj", "{9D9BF509-33C4-4036-A3F3-F86EC7B08E6B}"
EndProject
Project("{FAE04EC0-301F-11D3-BF4B-00C04F79EFBC}") = "MST.User.Test", "MST.User.Test\MST.User.Test.csproj", "{DE872C8E-37D3-40B3-98A6-A6BACAEDA7AB}"
EndProject
Project("{FAE04EC0-301F-11D3-BF4B-00C04F79EFBC}") = "MST.Order.Test", "MST.Order.Test\MST.Order.Test.csproj", "{77965DBE-D340-4B8A-9D02-F70AF2C28BEB}"
EndProject
Project("{FAE04EC0-301F-11D3-BF4B-00C04F79EFBC}") = "MST.Goods.Test", "MST.Goods.Test\MST.Goods.Test.csproj", "{BD46A057-E839-41CE-9E5A-B85EE5B4C12E}"
EndProject
Project("{FAE04EC0-301F-11D3-BF4B-00C04F79EFBC}") = "MST.Infra.Rpc", "MST.Infra.Rpc\MST.Infra.Rpc.csproj", "{6A7A6E53-474E-478D-A2F4-7436D7C17714}"
EndProject
Project("{2150E333-8FDC-42A3-9474-1A3956D46DE8}") = "DockerComposeScripts", "DockerComposeScripts", "{7A3436E8-09BC-43C8-A2A5-7CBF6F8E7278}"
EndProject
Project("{FAE04EC0-301F-11D3-BF4B-00C04F79EFBC}") = "MST.Infra.Configuration", "MST.Infra.Configuration\MST.Infra.Configuration.csproj", "{9FF07189-17AF-42F1-928B-637891EF9BDB}"
EndProject
Project("{FAE04EC0-301F-11D3-BF4B-00C04F79EFBC}") = "MST.Infra.Model", "MST.Infra.Model\MST.Infra.Model.csproj", "{D5FAE4B3-C477-40EF-8B20-176772A2D728}"
EndProject
Global
	GlobalSection(SolutionConfigurationPlatforms) = preSolution
		Debug|Any CPU = Debug|Any CPU
		Release|Any CPU = Release|Any CPU
	EndGlobalSection
	GlobalSection(NestedProjects) = preSolution
		{9AE4E74C-0366-43D5-AA5D-6FBE96E862A6} = {E0945075-E4E5-4E38-8EBB-03CA8CF079A5}
		{B4D80462-EF9A-4D2E-A251-EDFC4CFFD380} = {E0945075-E4E5-4E38-8EBB-03CA8CF079A5}
		{727CAC39-5DEA-4343-8A37-74BDAE3E0589} = {E0945075-E4E5-4E38-8EBB-03CA8CF079A5}
		{BE9A45E1-CEC5-40E1-87BE-A92B2941BF1F} = {E0945075-E4E5-4E38-8EBB-03CA8CF079A5}
		{91015721-AE54-4F28-9224-FE2BC66502CA} = {E0945075-E4E5-4E38-8EBB-03CA8CF079A5}
		{22FAE0BC-14C3-4196-A8AC-AED93191647A} = {0FC27E0B-0F2B-4A54-8E92-189BA5D55590}
		{E95103C1-38CE-4FBF-B48E-C5D9E8408FD3} = {678DC020-BEA1-4EB1-81FD-51F5C2BE6B41}
		{E2C2FA3F-8A15-4B92-A6A1-ECBC559B4640} = {678DC020-BEA1-4EB1-81FD-51F5C2BE6B41}
		{598332B3-F3A6-4990-BDC9-CE7D853EE4CC} = {678DC020-BEA1-4EB1-81FD-51F5C2BE6B41}
		{EFB8F691-A464-413B-AC5D-24F5C9F502A5} = {678DC020-BEA1-4EB1-81FD-51F5C2BE6B41}
		{CAF8DC88-72FC-4539-8F9B-00F3E99AF455} = {678DC020-BEA1-4EB1-81FD-51F5C2BE6B41}
		{6C1A626E-9923-484B-BFDF-386EDB48A181} = {8CC23D9C-28A6-4F9F-8727-4C455A255028}
		{1F9E3304-7013-4D80-BA0E-661D11BD8347} = {8CC23D9C-28A6-4F9F-8727-4C455A255028}
		{43057993-1853-4FC9-9754-A708D02ACE3D} = {8CC23D9C-28A6-4F9F-8727-4C455A255028}
		{9E8DCEC4-A88D-4E3B-BEEF-67FAEF1C726A} = {8CC23D9C-28A6-4F9F-8727-4C455A255028}
		{49232106-F9C2-45C9-AC6B-612E455A2D13} = {8CC23D9C-28A6-4F9F-8727-4C455A255028}
		{778CE80A-331A-4BDD-84EF-39D997A03933} = {E61DA041-13D1-44B0-BE9A-E1D9EF9DA47F}
		{31F80287-CD56-4BFD-8E97-AAB2EB936D54} = {E61DA041-13D1-44B0-BE9A-E1D9EF9DA47F}
		{C79FBF12-C547-4E9B-9021-A6B112A562C1} = {E61DA041-13D1-44B0-BE9A-E1D9EF9DA47F}
		{8D187FA7-697B-45BC-BB08-1CE564F95C3A} = {E61DA041-13D1-44B0-BE9A-E1D9EF9DA47F}
		{9D9BF509-33C4-4036-A3F3-F86EC7B08E6B} = {E61DA041-13D1-44B0-BE9A-E1D9EF9DA47F}
		{DE872C8E-37D3-40B3-98A6-A6BACAEDA7AB} = {E61DA041-13D1-44B0-BE9A-E1D9EF9DA47F}
		{77965DBE-D340-4B8A-9D02-F70AF2C28BEB} = {8CC23D9C-28A6-4F9F-8727-4C455A255028}
		{BD46A057-E839-41CE-9E5A-B85EE5B4C12E} = {678DC020-BEA1-4EB1-81FD-51F5C2BE6B41}
		{6A7A6E53-474E-478D-A2F4-7436D7C17714} = {E0945075-E4E5-4E38-8EBB-03CA8CF079A5}
		{9FF07189-17AF-42F1-928B-637891EF9BDB} = {E0945075-E4E5-4E38-8EBB-03CA8CF079A5}
		{D5FAE4B3-C477-40EF-8B20-176772A2D728} = {E0945075-E4E5-4E38-8EBB-03CA8CF079A5}
	EndGlobalSection
	GlobalSection(ProjectConfigurationPlatforms) = postSolution
		{9AE4E74C-0366-43D5-AA5D-6FBE96E862A6}.Debug|Any CPU.ActiveCfg = Debug|Any CPU
		{9AE4E74C-0366-43D5-AA5D-6FBE96E862A6}.Debug|Any CPU.Build.0 = Debug|Any CPU
		{9AE4E74C-0366-43D5-AA5D-6FBE96E862A6}.Release|Any CPU.ActiveCfg = Release|Any CPU
		{9AE4E74C-0366-43D5-AA5D-6FBE96E862A6}.Release|Any CPU.Build.0 = Release|Any CPU
		{B4D80462-EF9A-4D2E-A251-EDFC4CFFD380}.Debug|Any CPU.ActiveCfg = Debug|Any CPU
		{B4D80462-EF9A-4D2E-A251-EDFC4CFFD380}.Debug|Any CPU.Build.0 = Debug|Any CPU
		{B4D80462-EF9A-4D2E-A251-EDFC4CFFD380}.Release|Any CPU.ActiveCfg = Release|Any CPU
		{B4D80462-EF9A-4D2E-A251-EDFC4CFFD380}.Release|Any CPU.Build.0 = Release|Any CPU
		{727CAC39-5DEA-4343-8A37-74BDAE3E0589}.Debug|Any CPU.ActiveCfg = Debug|Any CPU
		{727CAC39-5DEA-4343-8A37-74BDAE3E0589}.Debug|Any CPU.Build.0 = Debug|Any CPU
		{727CAC39-5DEA-4343-8A37-74BDAE3E0589}.Release|Any CPU.ActiveCfg = Release|Any CPU
		{727CAC39-5DEA-4343-8A37-74BDAE3E0589}.Release|Any CPU.Build.0 = Release|Any CPU
		{BE9A45E1-CEC5-40E1-87BE-A92B2941BF1F}.Debug|Any CPU.ActiveCfg = Debug|Any CPU
		{BE9A45E1-CEC5-40E1-87BE-A92B2941BF1F}.Debug|Any CPU.Build.0 = Debug|Any CPU
		{BE9A45E1-CEC5-40E1-87BE-A92B2941BF1F}.Release|Any CPU.ActiveCfg = Release|Any CPU
		{BE9A45E1-CEC5-40E1-87BE-A92B2941BF1F}.Release|Any CPU.Build.0 = Release|Any CPU
		{91015721-AE54-4F28-9224-FE2BC66502CA}.Debug|Any CPU.ActiveCfg = Debug|Any CPU
		{91015721-AE54-4F28-9224-FE2BC66502CA}.Debug|Any CPU.Build.0 = Debug|Any CPU
		{91015721-AE54-4F28-9224-FE2BC66502CA}.Release|Any CPU.ActiveCfg = Release|Any CPU
		{91015721-AE54-4F28-9224-FE2BC66502CA}.Release|Any CPU.Build.0 = Release|Any CPU
		{22FAE0BC-14C3-4196-A8AC-AED93191647A}.Debug|Any CPU.ActiveCfg = Debug|Any CPU
		{22FAE0BC-14C3-4196-A8AC-AED93191647A}.Debug|Any CPU.Build.0 = Debug|Any CPU
		{22FAE0BC-14C3-4196-A8AC-AED93191647A}.Release|Any CPU.ActiveCfg = Release|Any CPU
		{22FAE0BC-14C3-4196-A8AC-AED93191647A}.Release|Any CPU.Build.0 = Release|Any CPU
		{E95103C1-38CE-4FBF-B48E-C5D9E8408FD3}.Debug|Any CPU.ActiveCfg = Debug|Any CPU
		{E95103C1-38CE-4FBF-B48E-C5D9E8408FD3}.Debug|Any CPU.Build.0 = Debug|Any CPU
		{E95103C1-38CE-4FBF-B48E-C5D9E8408FD3}.Release|Any CPU.ActiveCfg = Release|Any CPU
		{E95103C1-38CE-4FBF-B48E-C5D9E8408FD3}.Release|Any CPU.Build.0 = Release|Any CPU
		{E2C2FA3F-8A15-4B92-A6A1-ECBC559B4640}.Debug|Any CPU.ActiveCfg = Debug|Any CPU
		{E2C2FA3F-8A15-4B92-A6A1-ECBC559B4640}.Debug|Any CPU.Build.0 = Debug|Any CPU
		{E2C2FA3F-8A15-4B92-A6A1-ECBC559B4640}.Release|Any CPU.ActiveCfg = Release|Any CPU
		{E2C2FA3F-8A15-4B92-A6A1-ECBC559B4640}.Release|Any CPU.Build.0 = Release|Any CPU
		{598332B3-F3A6-4990-BDC9-CE7D853EE4CC}.Debug|Any CPU.ActiveCfg = Debug|Any CPU
		{598332B3-F3A6-4990-BDC9-CE7D853EE4CC}.Debug|Any CPU.Build.0 = Debug|Any CPU
		{598332B3-F3A6-4990-BDC9-CE7D853EE4CC}.Release|Any CPU.ActiveCfg = Release|Any CPU
		{598332B3-F3A6-4990-BDC9-CE7D853EE4CC}.Release|Any CPU.Build.0 = Release|Any CPU
		{EFB8F691-A464-413B-AC5D-24F5C9F502A5}.Debug|Any CPU.ActiveCfg = Debug|Any CPU
		{EFB8F691-A464-413B-AC5D-24F5C9F502A5}.Debug|Any CPU.Build.0 = Debug|Any CPU
		{EFB8F691-A464-413B-AC5D-24F5C9F502A5}.Release|Any CPU.ActiveCfg = Release|Any CPU
		{EFB8F691-A464-413B-AC5D-24F5C9F502A5}.Release|Any CPU.Build.0 = Release|Any CPU
		{CAF8DC88-72FC-4539-8F9B-00F3E99AF455}.Debug|Any CPU.ActiveCfg = Debug|Any CPU
		{CAF8DC88-72FC-4539-8F9B-00F3E99AF455}.Debug|Any CPU.Build.0 = Debug|Any CPU
		{CAF8DC88-72FC-4539-8F9B-00F3E99AF455}.Release|Any CPU.ActiveCfg = Release|Any CPU
		{CAF8DC88-72FC-4539-8F9B-00F3E99AF455}.Release|Any CPU.Build.0 = Release|Any CPU
		{6C1A626E-9923-484B-BFDF-386EDB48A181}.Debug|Any CPU.ActiveCfg = Debug|Any CPU
		{6C1A626E-9923-484B-BFDF-386EDB48A181}.Debug|Any CPU.Build.0 = Debug|Any CPU
		{6C1A626E-9923-484B-BFDF-386EDB48A181}.Release|Any CPU.ActiveCfg = Release|Any CPU
		{6C1A626E-9923-484B-BFDF-386EDB48A181}.Release|Any CPU.Build.0 = Release|Any CPU
		{1F9E3304-7013-4D80-BA0E-661D11BD8347}.Debug|Any CPU.ActiveCfg = Debug|Any CPU
		{1F9E3304-7013-4D80-BA0E-661D11BD8347}.Debug|Any CPU.Build.0 = Debug|Any CPU
		{1F9E3304-7013-4D80-BA0E-661D11BD8347}.Release|Any CPU.ActiveCfg = Release|Any CPU
		{1F9E3304-7013-4D80-BA0E-661D11BD8347}.Release|Any CPU.Build.0 = Release|Any CPU
		{43057993-1853-4FC9-9754-A708D02ACE3D}.Debug|Any CPU.ActiveCfg = Debug|Any CPU
		{43057993-1853-4FC9-9754-A708D02ACE3D}.Debug|Any CPU.Build.0 = Debug|Any CPU
		{43057993-1853-4FC9-9754-A708D02ACE3D}.Release|Any CPU.ActiveCfg = Release|Any CPU
		{43057993-1853-4FC9-9754-A708D02ACE3D}.Release|Any CPU.Build.0 = Release|Any CPU
		{9E8DCEC4-A88D-4E3B-BEEF-67FAEF1C726A}.Debug|Any CPU.ActiveCfg = Debug|Any CPU
		{9E8DCEC4-A88D-4E3B-BEEF-67FAEF1C726A}.Debug|Any CPU.Build.0 = Debug|Any CPU
		{9E8DCEC4-A88D-4E3B-BEEF-67FAEF1C726A}.Release|Any CPU.ActiveCfg = Release|Any CPU
		{9E8DCEC4-A88D-4E3B-BEEF-67FAEF1C726A}.Release|Any CPU.Build.0 = Release|Any CPU
		{49232106-F9C2-45C9-AC6B-612E455A2D13}.Debug|Any CPU.ActiveCfg = Debug|Any CPU
		{49232106-F9C2-45C9-AC6B-612E455A2D13}.Debug|Any CPU.Build.0 = Debug|Any CPU
		{49232106-F9C2-45C9-AC6B-612E455A2D13}.Release|Any CPU.ActiveCfg = Release|Any CPU
		{49232106-F9C2-45C9-AC6B-612E455A2D13}.Release|Any CPU.Build.0 = Release|Any CPU
		{778CE80A-331A-4BDD-84EF-39D997A03933}.Debug|Any CPU.ActiveCfg = Debug|Any CPU
		{778CE80A-331A-4BDD-84EF-39D997A03933}.Debug|Any CPU.Build.0 = Debug|Any CPU
		{778CE80A-331A-4BDD-84EF-39D997A03933}.Release|Any CPU.ActiveCfg = Release|Any CPU
		{778CE80A-331A-4BDD-84EF-39D997A03933}.Release|Any CPU.Build.0 = Release|Any CPU
		{31F80287-CD56-4BFD-8E97-AAB2EB936D54}.Debug|Any CPU.ActiveCfg = Debug|Any CPU
		{31F80287-CD56-4BFD-8E97-AAB2EB936D54}.Debug|Any CPU.Build.0 = Debug|Any CPU
		{31F80287-CD56-4BFD-8E97-AAB2EB936D54}.Release|Any CPU.ActiveCfg = Release|Any CPU
		{31F80287-CD56-4BFD-8E97-AAB2EB936D54}.Release|Any CPU.Build.0 = Release|Any CPU
		{C79FBF12-C547-4E9B-9021-A6B112A562C1}.Debug|Any CPU.ActiveCfg = Debug|Any CPU
		{C79FBF12-C547-4E9B-9021-A6B112A562C1}.Debug|Any CPU.Build.0 = Debug|Any CPU
		{C79FBF12-C547-4E9B-9021-A6B112A562C1}.Release|Any CPU.ActiveCfg = Release|Any CPU
		{C79FBF12-C547-4E9B-9021-A6B112A562C1}.Release|Any CPU.Build.0 = Release|Any CPU
		{8D187FA7-697B-45BC-BB08-1CE564F95C3A}.Debug|Any CPU.ActiveCfg = Debug|Any CPU
		{8D187FA7-697B-45BC-BB08-1CE564F95C3A}.Debug|Any CPU.Build.0 = Debug|Any CPU
		{8D187FA7-697B-45BC-BB08-1CE564F95C3A}.Release|Any CPU.ActiveCfg = Release|Any CPU
		{8D187FA7-697B-45BC-BB08-1CE564F95C3A}.Release|Any CPU.Build.0 = Release|Any CPU
		{9D9BF509-33C4-4036-A3F3-F86EC7B08E6B}.Debug|Any CPU.ActiveCfg = Debug|Any CPU
		{9D9BF509-33C4-4036-A3F3-F86EC7B08E6B}.Debug|Any CPU.Build.0 = Debug|Any CPU
		{9D9BF509-33C4-4036-A3F3-F86EC7B08E6B}.Release|Any CPU.ActiveCfg = Release|Any CPU
		{9D9BF509-33C4-4036-A3F3-F86EC7B08E6B}.Release|Any CPU.Build.0 = Release|Any CPU
		{DE872C8E-37D3-40B3-98A6-A6BACAEDA7AB}.Debug|Any CPU.ActiveCfg = Debug|Any CPU
		{DE872C8E-37D3-40B3-98A6-A6BACAEDA7AB}.Debug|Any CPU.Build.0 = Debug|Any CPU
		{DE872C8E-37D3-40B3-98A6-A6BACAEDA7AB}.Release|Any CPU.ActiveCfg = Release|Any CPU
		{DE872C8E-37D3-40B3-98A6-A6BACAEDA7AB}.Release|Any CPU.Build.0 = Release|Any CPU
		{77965DBE-D340-4B8A-9D02-F70AF2C28BEB}.Debug|Any CPU.ActiveCfg = Debug|Any CPU
		{77965DBE-D340-4B8A-9D02-F70AF2C28BEB}.Debug|Any CPU.Build.0 = Debug|Any CPU
		{77965DBE-D340-4B8A-9D02-F70AF2C28BEB}.Release|Any CPU.ActiveCfg = Release|Any CPU
		{77965DBE-D340-4B8A-9D02-F70AF2C28BEB}.Release|Any CPU.Build.0 = Release|Any CPU
		{BD46A057-E839-41CE-9E5A-B85EE5B4C12E}.Debug|Any CPU.ActiveCfg = Debug|Any CPU
		{BD46A057-E839-41CE-9E5A-B85EE5B4C12E}.Debug|Any CPU.Build.0 = Debug|Any CPU
		{BD46A057-E839-41CE-9E5A-B85EE5B4C12E}.Release|Any CPU.ActiveCfg = Release|Any CPU
		{BD46A057-E839-41CE-9E5A-B85EE5B4C12E}.Release|Any CPU.Build.0 = Release|Any CPU
		{6A7A6E53-474E-478D-A2F4-7436D7C17714}.Debug|Any CPU.ActiveCfg = Debug|Any CPU
		{6A7A6E53-474E-478D-A2F4-7436D7C17714}.Debug|Any CPU.Build.0 = Debug|Any CPU
		{6A7A6E53-474E-478D-A2F4-7436D7C17714}.Release|Any CPU.ActiveCfg = Release|Any CPU
		{6A7A6E53-474E-478D-A2F4-7436D7C17714}.Release|Any CPU.Build.0 = Release|Any CPU
		{9FF07189-17AF-42F1-928B-637891EF9BDB}.Debug|Any CPU.ActiveCfg = Debug|Any CPU
		{9FF07189-17AF-42F1-928B-637891EF9BDB}.Debug|Any CPU.Build.0 = Debug|Any CPU
		{9FF07189-17AF-42F1-928B-637891EF9BDB}.Release|Any CPU.ActiveCfg = Release|Any CPU
		{9FF07189-17AF-42F1-928B-637891EF9BDB}.Release|Any CPU.Build.0 = Release|Any CPU
		{D5FAE4B3-C477-40EF-8B20-176772A2D728}.Debug|Any CPU.ActiveCfg = Debug|Any CPU
		{D5FAE4B3-C477-40EF-8B20-176772A2D728}.Debug|Any CPU.Build.0 = Debug|Any CPU
		{D5FAE4B3-C477-40EF-8B20-176772A2D728}.Release|Any CPU.ActiveCfg = Release|Any CPU
		{D5FAE4B3-C477-40EF-8B20-176772A2D728}.Release|Any CPU.Build.0 = Release|Any CPU
	EndGlobalSection
EndGlobal
